
Microsoft Visual Studio Solution File, Format Version 12.00
# Visual Studio 15
VisualStudioVersion = 15.0.27004.2002
MinimumVisualStudioVersion = 10.0.40219.1
Project("{9092AA53-FB77-4645-B42D-1CCCA6BD08BD}") = "ExpressExample", "ExpressExample\ExpressExample.njsproj", "{FA138518-6A06-4846-8F6D-32087D828275}"
EndProject
Global
	GlobalSection(SolutionConfigurationPlatforms) = preSolution
		Debug|Any CPU = Debug|Any CPU
		Release|Any CPU = Release|Any CPU
	EndGlobalSection
	GlobalSection(ProjectConfigurationPlatforms) = postSolution
		{FA138518-6A06-4846-8F6D-32087D828275}.Debug|Any CPU.ActiveCfg = Debug|Any CPU
		{FA138518-6A06-4846-8F6D-32087D828275}.Debug|Any CPU.Build.0 = Debug|Any CPU
		{FA138518-6A06-4846-8F6D-32087D828275}.Release|Any CPU.ActiveCfg = Release|Any CPU
		{FA138518-6A06-4846-8F6D-32087D828275}.Release|Any CPU.Build.0 = Release|Any CPU
	EndGlobalSection
	GlobalSection(SolutionProperties) = preSolution
		HideSolutionNode = FALSE
	EndGlobalSection
	GlobalSection(ExtensibilityGlobals) = postSolution
		SolutionGuid = {2FBAE04E-7005-4340-B850-719D11A2C317}
	EndGlobalSection
EndGlobal
